{
  "name": "git-dep-task",
  "version": "1.0.0",
  "lockfileVersion": 3,
  "packages": {
    "": {
      "name": "git-dep-task",
      "version": "1.0.0"
    },
    "node_modules/leftish-pad": {
      "version": "1.0.0",
      "resolved": "git+ssh://git@github.com/randomdev/leftish-pad.git#5f3c9a1"
    }
  }
}
