lockfileVersion: '9.0'

settings:
  autoInstallPeers: true
  excludeLinksFromLockfile: false

importers:

  .:
    dependencies:
      chart-helpers:
        specifier: ^1.2.3
        version: https://codeload.github.com/randomdev/chart-helpers/tar.gz/9a1b2c3d4e5f
      lodash:
        specifier: ^4.17.21
        version: 4.17.21

packages:

  chart-helpers@https://codeload.github.com/randomdev/chart-helpers/tar.gz/9a1b2c3d4e5f:
    resolution: {tarball: https://codeload.github.com/randomdev/chart-helpers/tar.gz/9a1b2c3d4e5f}
    version: 1.2.3

  lodash@4.17.21:
    resolution: {integrity: sha512-v2kDEe57lecTulaDIuNTPy3Ry4gLGJ6Z1O3vE1krgXZNrsQ+LFTGHVxVjcXPs17LhbZVGedAJv8XZ1tvj5FvSg==}

snapshots:

  chart-helpers@https://codeload.github.com/randomdev/chart-helpers/tar.gz/9a1b2c3d4e5f: {}

  lodash@4.17.21: {}
