lockfileVersion: '9.0'

settings:
  autoInstallPeers: true
  excludeLinksFromLockfile: false

importers:

  .:
    devDependencies:
      esbuild:
        specifier: ^0.20.2
        version: 0.20.2
      typescript:
        specifier: ^5.4.5
        version: 5.4.5

  packages/ui:
    dependencies:
      '@ws/core':
        specifier: workspace:*
        version: link:../core
      react:
        specifier: ^18.2.0
        version: 18.2.0

packages:

  '@esbuild/linux-x64@0.20.2':
    resolution: {integrity: sha512-PPD/Dt7v6IMqBvuuHh6cxFdKcXlUx1AHwxGjxx9M8nxrQ9wnb9xk9c1iGSkl4rKjs0yzDqvRW5Kkq6XAjNQ1qA==}
    engines: {node: '>=12'}
    cpu: [x64]
    os: [linux]

  esbuild@0.20.2:
    resolution: {integrity: sha512-WdOOppmUNU+IbZ0PaDiTst80zjnrOkyJNHoKupIcVyU8Lvla3Ugx94VzkQ32Ijqd7UhHJy75gNWDMUekcrSJ6g==}
    engines: {node: '>=12'}
    hasBin: true

  js-tokens@4.0.0:
    resolution: {integrity: sha512-RdJUflcE3cUzKiMqQgsCu06FPu9UdIJO0beYbPhHN4k6apgJtifcoCtT9bcxOpYBtpD2kCM6Sbzg4CausW/PKQ==}

  loose-envify@1.4.0:
    resolution: {integrity: sha512-lyuxPGr/Wfhrlem2CL/UcnUc1zcqKAImBDzukY7Y5F/yQiNdko6+fRLevlw1HgMySw7f611UIY408EtxRSoK3Q==}
    hasBin: true

  react@18.2.0:
    resolution: {integrity: sha512-/3IjMdb2L9QbBdWiW5e3P2/npwMBaU9mHCSCUzNln0ZCYbcfTsGbTJrU/kGemdH2IWmB2ioZ+zkxtmq6g09fGQ==}
    engines: {node: '>=0.10.0'}

  typescript@5.4.5:
    resolution: {integrity: sha512-vcI4UpRgg81oIRUFwR0WSIHKt11nJ7SAVlYNIu+QpqeyXP+gpQJy/Z4+F0aGxSE4MqwjyXvW/TzgkLAx2AGHwQ==}
    engines: {node: '>=14.17'}
    hasBin: true

snapshots:

  '@esbuild/linux-x64@0.20.2':
    optional: true

  esbuild@0.20.2:
    optionalDependencies:
      '@esbuild/linux-x64': 0.20.2

  js-tokens@4.0.0: {}

  loose-envify@1.4.0:
    dependencies:
      js-tokens: 4.0.0

  react@18.2.0:
    dependencies:
      loose-envify: 1.4.0

  typescript@5.4.5: {}
